
Microsoft Visual Studio Solution File, Format Version 12.00
# Visual Studio 15
VisualStudioVersion = 15.0.28010.2046
MinimumVisualStudioVersion = 10.0.40219.1
Project("{F184B08F-C81C-45F6-A57F-5ABD9991F28F}") = "basket", "basket\basket.vbproj", "{75690EA9-7641-4F32-9779-B5116DF5167C}"
EndProject
Global
	GlobalSection(SolutionConfigurationPlatforms) = preSolution
		Debug|Any CPU = Debug|Any CPU
		Release|Any CPU = Release|Any CPU
	EndGlobalSection
	GlobalSection(ProjectConfigurationPlatforms) = postSolution
		{75690EA9-7641-4F32-9779-B5116DF5167C}.Debug|Any CPU.ActiveCfg = Debug|Any CPU
		{75690EA9-7641-4F32-9779-B5116DF5167C}.Debug|Any CPU.Build.0 = Debug|Any CPU
		{75690EA9-7641-4F32-9779-B5116DF5167C}.Release|Any CPU.ActiveCfg = Release|Any CPU
		{75690EA9-7641-4F32-9779-B5116DF5167C}.Release|Any CPU.Build.0 = Release|Any CPU
	EndGlobalSection
	GlobalSection(SolutionProperties) = preSolution
		HideSolutionNode = FALSE
	EndGlobalSection
	GlobalSection(ExtensibilityGlobals) = postSolution
		SolutionGuid = {724460CF-CC44-41F9-BF62-421C3C113033}
	EndGlobalSection
EndGlobal
